
Microsoft Visual Studio Solution File, Format Version 11.00
# Visual Studio 2010
Project("{FAE04EC0-301F-11D3-BF4B-00C04F79EFBC}") = "AmxMobile.PanicButton.Server.Web", "AmxMobile.PanicButton.Server.Web\AmxMobile.PanicButton.Server.Web.csproj", "{82E1DD46-7AC5-4002-800E-9FB6B011E497}"
EndProject
Project("{FAE04EC0-301F-11D3-BF4B-00C04F79EFBC}") = "AmxMobile.PanicButton.Server.Client", "AmxMobile.PanicButton.Server.Client\AmxMobile.PanicButton.Server.Client.csproj", "{F8696F53-FDCF-4DFB-933C-1E11A20FCEFE}"
EndProject
Project("{FAE04EC0-301F-11D3-BF4B-00C04F79EFBC}") = "AmxMobile.PanicButton.Server", "AmxMobile.PanicButton.Server\AmxMobile.PanicButton.Server.csproj", "{8F2091CA-6B7D-4E6D-921A-893DE0F25699}"
EndProject
Global
	GlobalSection(SolutionConfigurationPlatforms) = preSolution
		Debug|Any CPU = Debug|Any CPU
		Debug|Mixed Platforms = Debug|Mixed Platforms
		Debug|x86 = Debug|x86
		Release|Any CPU = Release|Any CPU
		Release|Mixed Platforms = Release|Mixed Platforms
		Release|x86 = Release|x86
	EndGlobalSection
	GlobalSection(ProjectConfigurationPlatforms) = postSolution
		{82E1DD46-7AC5-4002-800E-9FB6B011E497}.Debug|Any CPU.ActiveCfg = Debug|Any CPU
		{82E1DD46-7AC5-4002-800E-9FB6B011E497}.Debug|Any CPU.Build.0 = Debug|Any CPU
		{82E1DD46-7AC5-4002-800E-9FB6B011E497}.Debug|Mixed Platforms.ActiveCfg = Debug|Any CPU
		{82E1DD46-7AC5-4002-800E-9FB6B011E497}.Debug|Mixed Platforms.Build.0 = Debug|Any CPU
		{82E1DD46-7AC5-4002-800E-9FB6B011E497}.Debug|x86.ActiveCfg = Debug|Any CPU
		{82E1DD46-7AC5-4002-800E-9FB6B011E497}.Release|Any CPU.ActiveCfg = Release|Any CPU
		{82E1DD46-7AC5-4002-800E-9FB6B011E497}.Release|Any CPU.Build.0 = Release|Any CPU
		{82E1DD46-7AC5-4002-800E-9FB6B011E497}.Release|Mixed Platforms.ActiveCfg = Release|Any CPU
		{82E1DD46-7AC5-4002-800E-9FB6B011E497}.Release|Mixed Platforms.Build.0 = Release|Any CPU
		{82E1DD46-7AC5-4002-800E-9FB6B011E497}.Release|x86.ActiveCfg = Release|Any CPU
		{F8696F53-FDCF-4DFB-933C-1E11A20FCEFE}.Debug|Any CPU.ActiveCfg = Debug|x86
		{F8696F53-FDCF-4DFB-933C-1E11A20FCEFE}.Debug|Mixed Platforms.ActiveCfg = Debug|x86
		{F8696F53-FDCF-4DFB-933C-1E11A20FCEFE}.Debug|Mixed Platforms.Build.0 = Debug|x86
		{F8696F53-FDCF-4DFB-933C-1E11A20FCEFE}.Debug|x86.ActiveCfg = Debug|x86
		{F8696F53-FDCF-4DFB-933C-1E11A20FCEFE}.Debug|x86.Build.0 = Debug|x86
		{F8696F53-FDCF-4DFB-933C-1E11A20FCEFE}.Release|Any CPU.ActiveCfg = Release|x86
		{F8696F53-FDCF-4DFB-933C-1E11A20FCEFE}.Release|Mixed Platforms.ActiveCfg = Release|x86
		{F8696F53-FDCF-4DFB-933C-1E11A20FCEFE}.Release|Mixed Platforms.Build.0 = Release|x86
		{F8696F53-FDCF-4DFB-933C-1E11A20FCEFE}.Release|x86.ActiveCfg = Release|x86
		{F8696F53-FDCF-4DFB-933C-1E11A20FCEFE}.Release|x86.Build.0 = Release|x86
		{8F2091CA-6B7D-4E6D-921A-893DE0F25699}.Debug|Any CPU.ActiveCfg = Debug|Any CPU
		{8F2091CA-6B7D-4E6D-921A-893DE0F25699}.Debug|Any CPU.Build.0 = Debug|Any CPU
		{8F2091CA-6B7D-4E6D-921A-893DE0F25699}.Debug|Mixed Platforms.ActiveCfg = Debug|Any CPU
		{8F2091CA-6B7D-4E6D-921A-893DE0F25699}.Debug|Mixed Platforms.Build.0 = Debug|Any CPU
		{8F2091CA-6B7D-4E6D-921A-893DE0F25699}.Debug|x86.ActiveCfg = Debug|Any CPU
		{8F2091CA-6B7D-4E6D-921A-893DE0F25699}.Release|Any CPU.ActiveCfg = Release|Any CPU
		{8F2091CA-6B7D-4E6D-921A-893DE0F25699}.Release|Any CPU.Build.0 = Release|Any CPU
		{8F2091CA-6B7D-4E6D-921A-893DE0F25699}.Release|Mixed Platforms.ActiveCfg = Release|Any CPU
		{8F2091CA-6B7D-4E6D-921A-893DE0F25699}.Release|Mixed Platforms.Build.0 = Release|Any CPU
		{8F2091CA-6B7D-4E6D-921A-893DE0F25699}.Release|x86.ActiveCfg = Release|Any CPU
	EndGlobalSection
	GlobalSection(SolutionProperties) = preSolution
		HideSolutionNode = FALSE
	EndGlobalSection
EndGlobal
